
Microsoft Visual Studio Solution File, Format Version 12.00
Project("{FAE04EC0-301F-11D3-BF4B-00C04F79EFBC}") = "GraphQL.API", "GraphQL.API\GraphQL.API.csproj", "{FA0F08E4-D967-45D3-B9A0-19FC9C7A8809}"
EndProject
Global
	GlobalSection(SolutionConfigurationPlatforms) = preSolution
		Debug|Any CPU = Debug|Any CPU
		Release|Any CPU = Release|Any CPU
	EndGlobalSection
	GlobalSection(ProjectConfigurationPlatforms) = postSolution
		{FA0F08E4-D967-45D3-B9A0-19FC9C7A8809}.Debug|Any CPU.ActiveCfg = Debug|Any CPU
		{FA0F08E4-D967-45D3-B9A0-19FC9C7A8809}.Debug|Any CPU.Build.0 = Debug|Any CPU
		{FA0F08E4-D967-45D3-B9A0-19FC9C7A8809}.Release|Any CPU.ActiveCfg = Release|Any CPU
		{FA0F08E4-D967-45D3-B9A0-19FC9C7A8809}.Release|Any CPU.Build.0 = Release|Any CPU
	EndGlobalSection
EndGlobal
